
Microsoft Visual Studio Solution File, Format Version 12.00
# Visual Studio Version 17
VisualStudioVersion = 17.2.32602.215
MinimumVisualStudioVersion = 10.0.40219.1
Project("{9A19103F-16F7-4668-BE54-9A1E7A4F7556}") = "EmployeePayrollADO", "EmployeePayrollADO.csproj", "{3BE7BA0E-DBF0-4D69-9CCB-BC12B4D80E59}"
EndProject
Project("{FAE04EC0-301F-11D3-BF4B-00C04F79EFBC}") = "EmpTest", "..\EmpTest\EmpTest.csproj", "{4FA0021A-E406-4899-B219-BFED729F3EF1}"
EndProject
Global
	GlobalSection(SolutionConfigurationPlatforms) = preSolution
		Debug|Any CPU = Debug|Any CPU
		Release|Any CPU = Release|Any CPU
	EndGlobalSection
	GlobalSection(ProjectConfigurationPlatforms) = postSolution
		{3BE7BA0E-DBF0-4D69-9CCB-BC12B4D80E59}.Debug|Any CPU.ActiveCfg = Debug|Any CPU
		{3BE7BA0E-DBF0-4D69-9CCB-BC12B4D80E59}.Debug|Any CPU.Build.0 = Debug|Any CPU
		{3BE7BA0E-DBF0-4D69-9CCB-BC12B4D80E59}.Release|Any CPU.ActiveCfg = Release|Any CPU
		{3BE7BA0E-DBF0-4D69-9CCB-BC12B4D80E59}.Release|Any CPU.Build.0 = Release|Any CPU
		{4FA0021A-E406-4899-B219-BFED729F3EF1}.Debug|Any CPU.ActiveCfg = Debug|Any CPU
		{4FA0021A-E406-4899-B219-BFED729F3EF1}.Debug|Any CPU.Build.0 = Debug|Any CPU
		{4FA0021A-E406-4899-B219-BFED729F3EF1}.Release|Any CPU.ActiveCfg = Release|Any CPU
		{4FA0021A-E406-4899-B219-BFED729F3EF1}.Release|Any CPU.Build.0 = Release|Any CPU
	EndGlobalSection
	GlobalSection(SolutionProperties) = preSolution
		HideSolutionNode = FALSE
	EndGlobalSection
	GlobalSection(ExtensibilityGlobals) = postSolution
		SolutionGuid = {018F8F27-CF24-4DB7-8E89-1B6BE9657218}
	EndGlobalSection
EndGlobal
